
Microsoft Visual Studio Solution File, Format Version 12.00
# Visual Studio Version 16
VisualStudioVersion = 16.0.30621.155
MinimumVisualStudioVersion = 10.0.40219.1
Project("{FAE04EC0-301F-11D3-BF4B-00C04F79EFBC}") = "SubRenderer", "SubRenderer\SubRenderer.csproj", "{76AEECC5-EC45-4B90-AC92-55E05CD9570C}"
EndProject
Global
	GlobalSection(SolutionConfigurationPlatforms) = preSolution
		Debug|Any CPU = Debug|Any CPU
		Release|Any CPU = Release|Any CPU
	EndGlobalSection
	GlobalSection(ProjectConfigurationPlatforms) = postSolution
		{76AEECC5-EC45-4B90-AC92-55E05CD9570C}.Debug|Any CPU.ActiveCfg = Debug|Any CPU
		{76AEECC5-EC45-4B90-AC92-55E05CD9570C}.Debug|Any CPU.Build.0 = Debug|Any CPU
		{76AEECC5-EC45-4B90-AC92-55E05CD9570C}.Release|Any CPU.ActiveCfg = Release|Any CPU
		{76AEECC5-EC45-4B90-AC92-55E05CD9570C}.Release|Any CPU.Build.0 = Release|Any CPU
	EndGlobalSection
	GlobalSection(SolutionProperties) = preSolution
		HideSolutionNode = FALSE
	EndGlobalSection
	GlobalSection(ExtensibilityGlobals) = postSolution
		SolutionGuid = {4894BB8A-DDBB-4677-89F0-A85A6DE4E60E}
	EndGlobalSection
EndGlobal
